
Microsoft Visual Studio Solution File, Format Version 12.00
# Visual Studio Version 17
VisualStudioVersion = 17.9.34622.214
MinimumVisualStudioVersion = 10.0.40219.1
Project("{FAE04EC0-301F-11D3-BF4B-00C04F79EFBC}") = "RogueProject", "RogueProject.csproj", "{34FA5459-BFB7-4FF5-8AAB-0037A4CED4D1}"
EndProject
Global
	GlobalSection(SolutionConfigurationPlatforms) = preSolution
		Debug|Any CPU = Debug|Any CPU
		Release|Any CPU = Release|Any CPU
	EndGlobalSection
	GlobalSection(ProjectConfigurationPlatforms) = postSolution
		{34FA5459-BFB7-4FF5-8AAB-0037A4CED4D1}.Debug|Any CPU.ActiveCfg = Debug|Any CPU
		{34FA5459-BFB7-4FF5-8AAB-0037A4CED4D1}.Debug|Any CPU.Build.0 = Debug|Any CPU
		{34FA5459-BFB7-4FF5-8AAB-0037A4CED4D1}.Release|Any CPU.ActiveCfg = Release|Any CPU
		{34FA5459-BFB7-4FF5-8AAB-0037A4CED4D1}.Release|Any CPU.Build.0 = Release|Any CPU
	EndGlobalSection
	GlobalSection(SolutionProperties) = preSolution
		HideSolutionNode = FALSE
	EndGlobalSection
	GlobalSection(ExtensibilityGlobals) = postSolution
		SolutionGuid = {515BDF8A-C151-4812-82C8-666C2E1B9C48}
	EndGlobalSection
EndGlobal
